
Microsoft Visual Studio Solution File, Format Version 12.00
# Visual Studio 2013
VisualStudioVersion = 12.0.30723.0
MinimumVisualStudioVersion = 10.0.40219.1
Project("{FAE04EC0-301F-11D3-BF4B-00C04F79EFBC}") = "RecipiesMVC", "RecipiesMVC\RecipiesMVC.csproj", "{2DE3455A-D94B-426F-83C8-CC4451FBF92B}"
EndProject
Project("{FAE04EC0-301F-11D3-BF4B-00C04F79EFBC}") = "RecipiesReports", "RecipiesReports\RecipiesReports.csproj", "{B726482B-AEE9-4C3F-9AF6-9B60DF2B5F3E}"
EndProject
Project("{FAE04EC0-301F-11D3-BF4B-00C04F79EFBC}") = "RecipiesModel", "RecipiesModel\RecipiesModel.csproj", "{C50145E6-A244-4F1F-B41F-90D1925B4A00}"
EndProject
Project("{FAE04EC0-301F-11D3-BF4B-00C04F79EFBC}") = "RecipiesPlatform", "RecipiesPlatform\RecipiesPlatform.csproj", "{C64D5533-F659-4121-AE8B-7F80B10AE7EB}"
EndProject
Project("{FAE04EC0-301F-11D3-BF4B-00C04F79EFBC}") = "RecipiesWebJob", "RecipiesWebJob\RecipiesWebJob.csproj", "{77AFA779-6E53-4DAA-8AD5-535F07824668}"
EndProject
Project("{2150E333-8FDC-42A3-9474-1A3956D46DE8}") = "Misc", "Misc", "{F66A4ED5-4A54-4B3E-A888-FC72269472C8}"
	ProjectSection(SolutionItems) = preProject
		KendoDojoDefaultTemplate.html = KendoDojoDefaultTemplate.html
	EndProjectSection
EndProject
Project("{FAE04EC0-301F-11D3-BF4B-00C04F79EFBC}") = "RecipiesMVC.Tests", "RecipiesMVC.Tests\RecipiesMVC.Tests.csproj", "{EC3B0FF9-8E6E-4892-A4AF-C6790A34E60B}"
EndProject
Project("{2150E333-8FDC-42A3-9474-1A3956D46DE8}") = ".nuget", ".nuget", "{4904C5E9-F664-4BF7-9355-F820C7AC72BA}"
	ProjectSection(SolutionItems) = preProject
		.nuget\packages.config = .nuget\packages.config
	EndProjectSection
EndProject
Global
	GlobalSection(SolutionConfigurationPlatforms) = preSolution
		Debug|Any CPU = Debug|Any CPU
		Release|Any CPU = Release|Any CPU
	EndGlobalSection
	GlobalSection(ProjectConfigurationPlatforms) = postSolution
		{2DE3455A-D94B-426F-83C8-CC4451FBF92B}.Debug|Any CPU.ActiveCfg = Debug|Any CPU
		{2DE3455A-D94B-426F-83C8-CC4451FBF92B}.Debug|Any CPU.Build.0 = Debug|Any CPU
		{2DE3455A-D94B-426F-83C8-CC4451FBF92B}.Release|Any CPU.ActiveCfg = Release|Any CPU
		{2DE3455A-D94B-426F-83C8-CC4451FBF92B}.Release|Any CPU.Build.0 = Release|Any CPU
		{B726482B-AEE9-4C3F-9AF6-9B60DF2B5F3E}.Debug|Any CPU.ActiveCfg = Debug|Any CPU
		{B726482B-AEE9-4C3F-9AF6-9B60DF2B5F3E}.Debug|Any CPU.Build.0 = Debug|Any CPU
		{B726482B-AEE9-4C3F-9AF6-9B60DF2B5F3E}.Release|Any CPU.ActiveCfg = Release|Any CPU
		{B726482B-AEE9-4C3F-9AF6-9B60DF2B5F3E}.Release|Any CPU.Build.0 = Release|Any CPU
		{C50145E6-A244-4F1F-B41F-90D1925B4A00}.Debug|Any CPU.ActiveCfg = Debug|Any CPU
		{C50145E6-A244-4F1F-B41F-90D1925B4A00}.Debug|Any CPU.Build.0 = Debug|Any CPU
		{C50145E6-A244-4F1F-B41F-90D1925B4A00}.Release|Any CPU.ActiveCfg = Release|Any CPU
		{C50145E6-A244-4F1F-B41F-90D1925B4A00}.Release|Any CPU.Build.0 = Release|Any CPU
		{C64D5533-F659-4121-AE8B-7F80B10AE7EB}.Debug|Any CPU.ActiveCfg = Debug|Any CPU
		{C64D5533-F659-4121-AE8B-7F80B10AE7EB}.Debug|Any CPU.Build.0 = Debug|Any CPU
		{C64D5533-F659-4121-AE8B-7F80B10AE7EB}.Release|Any CPU.ActiveCfg = Release|Any CPU
		{C64D5533-F659-4121-AE8B-7F80B10AE7EB}.Release|Any CPU.Build.0 = Release|Any CPU
		{77AFA779-6E53-4DAA-8AD5-535F07824668}.Debug|Any CPU.ActiveCfg = Debug|Any CPU
		{77AFA779-6E53-4DAA-8AD5-535F07824668}.Debug|Any CPU.Build.0 = Debug|Any CPU
		{77AFA779-6E53-4DAA-8AD5-535F07824668}.Release|Any CPU.ActiveCfg = Release|Any CPU
		{77AFA779-6E53-4DAA-8AD5-535F07824668}.Release|Any CPU.Build.0 = Release|Any CPU
		{EC3B0FF9-8E6E-4892-A4AF-C6790A34E60B}.Debug|Any CPU.ActiveCfg = Debug|Any CPU
		{EC3B0FF9-8E6E-4892-A4AF-C6790A34E60B}.Debug|Any CPU.Build.0 = Debug|Any CPU
		{EC3B0FF9-8E6E-4892-A4AF-C6790A34E60B}.Release|Any CPU.ActiveCfg = Release|Any CPU
		{EC3B0FF9-8E6E-4892-A4AF-C6790A34E60B}.Release|Any CPU.Build.0 = Release|Any CPU
	EndGlobalSection
	GlobalSection(SolutionProperties) = preSolution
		HideSolutionNode = FALSE
	EndGlobalSection
EndGlobal
